<Solution>
  <Folder Name="/samples/">
    <Project Path="samples/AspNetConventions.WebApi.Sample/AspNetConventions.WebApi.Sample.csproj" />
    <Project Path="samples/WebApp.Sample/WebApp.Sample.csproj" />
  </Folder>
  <Folder Name="/src/">
    <Project Path="src/AspNetConventions/AspNetConventions.csproj"
      Id="ccb3efd3-dcd4-4478-ba14-7881d5251fdb" />
  </Folder>
  <Folder Name="/tests/" />
</Solution>